
Microsoft Visual Studio Solution File, Format Version 12.00
# Visual Studio Version 17
VisualStudioVersion = 17.5.002.0
MinimumVisualStudioVersion = 10.0.40219.1
Project("{2150E333-8FDC-42A3-9474-1A3956D46DE8}") = "assets", "assets", "{8F8ECDC3-0F0B-4188-931E-0332DE521EA6}"
EndProject
Project("{2150E333-8FDC-42A3-9474-1A3956D46DE8}") = "projects", "projects", "{182F846E-ABE4-40C5-9F0E-4BD78C5040A1}"
EndProject
Project("{2150E333-8FDC-42A3-9474-1A3956D46DE8}") = "MicroserviceApps", "MicroserviceApps", "{890310A6-2011-4C77-8EB9-F8C76119EF31}"
EndProject
Project("{2150E333-8FDC-42A3-9474-1A3956D46DE8}") = "voting-app", "voting-app", "{38A461ED-06EE-455A-9805-5FE8CD54469F}"
EndProject
Project("{2150E333-8FDC-42A3-9474-1A3956D46DE8}") = "example-voting-app", "example-voting-app", "{63188F77-F114-4DA1-9153-00D099076EE6}"
EndProject
Project("{9A19103F-16F7-4668-BE54-9A1E7A4F7556}") = "Worker", "assets\projects\MicroserviceApps\voting-app\example-voting-app\worker\Worker.csproj", "{E4EEC0E1-84DA-4583-94D2-08685F16203F}"
EndProject
Global
	GlobalSection(SolutionConfigurationPlatforms) = preSolution
		Debug|Any CPU = Debug|Any CPU
		Release|Any CPU = Release|Any CPU
	EndGlobalSection
	GlobalSection(ProjectConfigurationPlatforms) = postSolution
		{E4EEC0E1-84DA-4583-94D2-08685F16203F}.Debug|Any CPU.ActiveCfg = Debug|Any CPU
		{E4EEC0E1-84DA-4583-94D2-08685F16203F}.Debug|Any CPU.Build.0 = Debug|Any CPU
		{E4EEC0E1-84DA-4583-94D2-08685F16203F}.Release|Any CPU.ActiveCfg = Release|Any CPU
		{E4EEC0E1-84DA-4583-94D2-08685F16203F}.Release|Any CPU.Build.0 = Release|Any CPU
	EndGlobalSection
	GlobalSection(SolutionProperties) = preSolution
		HideSolutionNode = FALSE
	EndGlobalSection
	GlobalSection(NestedProjects) = preSolution
		{182F846E-ABE4-40C5-9F0E-4BD78C5040A1} = {8F8ECDC3-0F0B-4188-931E-0332DE521EA6}
		{890310A6-2011-4C77-8EB9-F8C76119EF31} = {182F846E-ABE4-40C5-9F0E-4BD78C5040A1}
		{38A461ED-06EE-455A-9805-5FE8CD54469F} = {890310A6-2011-4C77-8EB9-F8C76119EF31}
		{63188F77-F114-4DA1-9153-00D099076EE6} = {38A461ED-06EE-455A-9805-5FE8CD54469F}
		{E4EEC0E1-84DA-4583-94D2-08685F16203F} = {63188F77-F114-4DA1-9153-00D099076EE6}
	EndGlobalSection
	GlobalSection(ExtensibilityGlobals) = postSolution
		SolutionGuid = {05BD29FC-E0A7-4491-A684-4B0C3E474D20}
	EndGlobalSection
EndGlobal
